
Microsoft Visual Studio Solution File, Format Version 12.00
# Visual Studio Version 17
VisualStudioVersion = 17.0.32112.339
MinimumVisualStudioVersion = 10.0.40219.1
Project("{9A19103F-16F7-4668-BE54-9A1E7A4F7556}") = "Milijøfestival.Server", "Milijøfestival\Server\Milijøfestival.Server.csproj", "{F4CB52FB-E19F-4B15-8AE6-A61782423916}"
EndProject
Project("{9A19103F-16F7-4668-BE54-9A1E7A4F7556}") = "Milijøfestival.Client", "Milijøfestival\Client\Milijøfestival.Client.csproj", "{2F21B0D5-D05C-48C4-8F60-C674D06F6BCC}"
EndProject
Project("{9A19103F-16F7-4668-BE54-9A1E7A4F7556}") = "Milijøfestival.Shared", "Milijøfestival\Shared\Milijøfestival.Shared.csproj", "{AA071B37-97EF-40C3-8265-4FDF45D0782A}"
EndProject
Global
	GlobalSection(SolutionConfigurationPlatforms) = preSolution
		Debug|Any CPU = Debug|Any CPU
		Release|Any CPU = Release|Any CPU
	EndGlobalSection
	GlobalSection(ProjectConfigurationPlatforms) = postSolution
		{F4CB52FB-E19F-4B15-8AE6-A61782423916}.Debug|Any CPU.ActiveCfg = Debug|Any CPU
		{F4CB52FB-E19F-4B15-8AE6-A61782423916}.Debug|Any CPU.Build.0 = Debug|Any CPU
		{F4CB52FB-E19F-4B15-8AE6-A61782423916}.Release|Any CPU.ActiveCfg = Release|Any CPU
		{F4CB52FB-E19F-4B15-8AE6-A61782423916}.Release|Any CPU.Build.0 = Release|Any CPU
		{2F21B0D5-D05C-48C4-8F60-C674D06F6BCC}.Debug|Any CPU.ActiveCfg = Debug|Any CPU
		{2F21B0D5-D05C-48C4-8F60-C674D06F6BCC}.Debug|Any CPU.Build.0 = Debug|Any CPU
		{2F21B0D5-D05C-48C4-8F60-C674D06F6BCC}.Release|Any CPU.ActiveCfg = Release|Any CPU
		{2F21B0D5-D05C-48C4-8F60-C674D06F6BCC}.Release|Any CPU.Build.0 = Release|Any CPU
		{AA071B37-97EF-40C3-8265-4FDF45D0782A}.Debug|Any CPU.ActiveCfg = Debug|Any CPU
		{AA071B37-97EF-40C3-8265-4FDF45D0782A}.Debug|Any CPU.Build.0 = Debug|Any CPU
		{AA071B37-97EF-40C3-8265-4FDF45D0782A}.Release|Any CPU.ActiveCfg = Release|Any CPU
		{AA071B37-97EF-40C3-8265-4FDF45D0782A}.Release|Any CPU.Build.0 = Release|Any CPU
	EndGlobalSection
	GlobalSection(SolutionProperties) = preSolution
		HideSolutionNode = FALSE
	EndGlobalSection
	GlobalSection(ExtensibilityGlobals) = postSolution
		SolutionGuid = {D164C3BA-B557-4B47-A51A-D0CD04C7AF3A}
	EndGlobalSection
EndGlobal
